// !$*UTF8*$!
{
	archiveVersion = 1;
	classes = {
	};
	objectVersion = 46;
	objects = {

/* Begin PBXBuildFile section */
		8AE806CCE3A189FA3EA185E3 /* Pods_Tech_TipsTests.framework in Frameworks */ = {isa = PBXBuildFile; fileRef = B990B593D2F52244FF0491B3 /* Pods_Tech_TipsTests.framework */; };
		99C92DFA94A78E37821F86E7 /* Pods_Tech_Tips.framework in Frameworks */ = {isa = PBXBuildFile; fileRef = B682F86CDAA9F04340A00562 /* Pods_Tech_Tips.framework */; };
		DCAB336A1D711CA6001E20E6 /* AppDelegate.swift in Sources */ = {isa = PBXBuildFile; fileRef = DCAB33691D711CA6001E20E6 /* AppDelegate.swift */; };
		DCAB336C1D711CA6001E20E6 /* ViewController.swift in Sources */ = {isa = PBXBuildFile; fileRef = DCAB336B1D711CA6001E20E6 /* ViewController.swift */; };
		DCAB33711D711CA6001E20E6 /* Assets.xcassets in Resources */ = {isa = PBXBuildFile; fileRef = DCAB33701D711CA6001E20E6 /* Assets.xcassets */; };
		DCAB33741D711CA6001E20E6 /* LaunchScreen.storyboard in Resources */ = {isa = PBXBuildFile; fileRef = DCAB33721D711CA6001E20E6 /* LaunchScreen.storyboard */; };
		DCAB337F1D711CA6001E20E6 /* Tech_TipsTests.swift in Sources */ = {isa = PBXBuildFile; fileRef = DCAB337E1D711CA6001E20E6 /* Tech_TipsTests.swift */; };
		DCAB338A1D711CA6001E20E6 /* Tech_TipsUITests.swift in Sources */ = {isa = PBXBuildFile; fileRef = DCAB33891D711CA6001E20E6 /* Tech_TipsUITests.swift */; };
		DCAB33981D71B43C001E20E6 /* Main.storyboard in Resources */ = {isa = PBXBuildFile; fileRef = DCAB33971D71B43C001E20E6 /* Main.storyboard */; };
		DCAB339D1D71B55A001E20E6 /* GuillotineMenuTransitionAnimation.swift in Sources */ = {isa = PBXBuildFile; fileRef = DCAB339C1D71B55A001E20E6 /* GuillotineMenuTransitionAnimation.swift */; };
		DCAB339F1D71B5F6001E20E6 /* MenuViewController.swift in Sources */ = {isa = PBXBuildFile; fileRef = DCAB339E1D71B5F6001E20E6 /* MenuViewController.swift */; };
		DCAB33E11D7245B7001E20E6 /* RPSlidingMenuCell.m in Sources */ = {isa = PBXBuildFile; fileRef = DCAB33E01D7245B7001E20E6 /* RPSlidingMenuCell.m */; };
		DCAB33E41D724702001E20E6 /* RPSlidingMenuLayout.m in Sources */ = {isa = PBXBuildFile; fileRef = DCAB33E31D724702001E20E6 /* RPSlidingMenuLayout.m */; };
		DCAB33E71D724843001E20E6 /* RPSlidingMenuViewController.m in Sources */ = {isa = PBXBuildFile; fileRef = DCAB33E61D724843001E20E6 /* RPSlidingMenuViewController.m */; };
		EF51630D0036083B4A9D7721 /* Pods_Tech_TipsUITests.framework in Frameworks */ = {isa = PBXBuildFile; fileRef = 091CC7D7A86ACDF737AC9A08 /* Pods_Tech_TipsUITests.framework */; };
/* End PBXBuildFile section */

/* Begin PBXContainerItemProxy section */
		DCAB337B1D711CA6001E20E6 /* PBXContainerItemProxy */ = {
			isa = PBXContainerItemProxy;
			containerPortal = DCAB335E1D711CA5001E20E6 /* Project object */;
			proxyType = 1;
			remoteGlobalIDString = DCAB33651D711CA5001E20E6;
			remoteInfo = "Tech Tips";
		};
		DCAB33861D711CA6001E20E6 /* PBXContainerItemProxy */ = {
			isa = PBXContainerItemProxy;
			containerPortal = DCAB335E1D711CA5001E20E6 /* Project object */;
			proxyType = 1;
			remoteGlobalIDString = DCAB33651D711CA5001E20E6;
			remoteInfo = "Tech Tips";
		};
/* End PBXContainerItemProxy section */

/* Begin PBXFileReference section */
		091CC7D7A86ACDF737AC9A08 /* Pods_Tech_TipsUITests.framework */ = {isa = PBXFileReference; explicitFileType = wrapper.framework; includeInIndex = 0; path = Pods_Tech_TipsUITests.framework; sourceTree = BUILT_PRODUCTS_DIR; };
		10E5C06832F1ACE082E5BE30 /* Pods-Tech TipsTests.release.xcconfig */ = {isa = PBXFileReference; includeInIndex = 1; lastKnownFileType = text.xcconfig; name = "Pods-Tech TipsTests.release.xcconfig"; path = "Pods/Target Support Files/Pods-Tech TipsTests/Pods-Tech TipsTests.release.xcconfig"; sourceTree = "<group>"; };
		455C5EAE3594A2ED12B7DC88 /* Pods-Tech TipsTests.debug.xcconfig */ = {isa = PBXFileReference; includeInIndex = 1; lastKnownFileType = text.xcconfig; name = "Pods-Tech TipsTests.debug.xcconfig"; path = "Pods/Target Support Files/Pods-Tech TipsTests/Pods-Tech TipsTests.debug.xcconfig"; sourceTree = "<group>"; };
		B591E2D9E4219CCF24628844 /* Pods-Tech Tips.debug.xcconfig */ = {isa = PBXFileReference; includeInIndex = 1; lastKnownFileType = text.xcconfig; name = "Pods-Tech Tips.debug.xcconfig"; path = "Pods/Target Support Files/Pods-Tech Tips/Pods-Tech Tips.debug.xcconfig"; sourceTree = "<group>"; };
		B682F86CDAA9F04340A00562 /* Pods_Tech_Tips.framework */ = {isa = PBXFileReference; explicitFileType = wrapper.framework; includeInIndex = 0; path = Pods_Tech_Tips.framework; sourceTree = BUILT_PRODUCTS_DIR; };
		B990B593D2F52244FF0491B3 /* Pods_Tech_TipsTests.framework */ = {isa = PBXFileReference; explicitFileType = wrapper.framework; includeInIndex = 0; path = Pods_Tech_TipsTests.framework; sourceTree = BUILT_PRODUCTS_DIR; };
		BC38C421D84286680B0FE9FF /* Pods-Tech Tips.release.xcconfig */ = {isa = PBXFileReference; includeInIndex = 1; lastKnownFileType = text.xcconfig; name = "Pods-Tech Tips.release.xcconfig"; path = "Pods/Target Support Files/Pods-Tech Tips/Pods-Tech Tips.release.xcconfig"; sourceTree = "<group>"; };
		BF5220AD54C5EAEFD3D9CBD7 /* Pods-Tech TipsUITests.debug.xcconfig */ = {isa = PBXFileReference; includeInIndex = 1; lastKnownFileType = text.xcconfig; name = "Pods-Tech TipsUITests.debug.xcconfig"; path = "Pods/Target Support Files/Pods-Tech TipsUITests/Pods-Tech TipsUITests.debug.xcconfig"; sourceTree = "<group>"; };
		DCAB33661D711CA5001E20E6 /* Tech Tips.app */ = {isa = PBXFileReference; explicitFileType = wrapper.application; includeInIndex = 0; path = "Tech Tips.app"; sourceTree = BUILT_PRODUCTS_DIR; };
		DCAB33691D711CA6001E20E6 /* AppDelegate.swift */ = {isa = PBXFileReference; lastKnownFileType = sourcecode.swift; path = AppDelegate.swift; sourceTree = "<group>"; };
		DCAB336B1D711CA6001E20E6 /* ViewController.swift */ = {isa = PBXFileReference; lastKnownFileType = sourcecode.swift; path = ViewController.swift; sourceTree = "<group>"; };
		DCAB33701D711CA6001E20E6 /* Assets.xcassets */ = {isa = PBXFileReference; lastKnownFileType = folder.assetcatalog; path = Assets.xcassets; sourceTree = "<group>"; };
		DCAB33731D711CA6001E20E6 /* Base */ = {isa = PBXFileReference; lastKnownFileType = file.storyboard; name = Base; path = Base.lproj/LaunchScreen.storyboard; sourceTree = "<group>"; };
		DCAB33751D711CA6001E20E6 /* Info.plist */ = {isa = PBXFileReference; lastKnownFileType = text.plist.xml; path = Info.plist; sourceTree = "<group>"; };
		DCAB337A1D711CA6001E20E6 /* Tech TipsTests.xctest */ = {isa = PBXFileReference; explicitFileType = wrapper.cfbundle; includeInIndex = 0; path = "Tech TipsTests.xctest"; sourceTree = BUILT_PRODUCTS_DIR; };
		DCAB337E1D711CA6001E20E6 /* Tech_TipsTests.swift */ = {isa = PBXFileReference; lastKnownFileType = sourcecode.swift; path = Tech_TipsTests.swift; sourceTree = "<group>"; };
		DCAB33801D711CA6001E20E6 /* Info.plist */ = {isa = PBXFileReference; lastKnownFileType = text.plist.xml; path = Info.plist; sourceTree = "<group>"; };
		DCAB33851D711CA6001E20E6 /* Tech TipsUITests.xctest */ = {isa = PBXFileReference; explicitFileType = wrapper.cfbundle; includeInIndex = 0; path = "Tech TipsUITests.xctest"; sourceTree = BUILT_PRODUCTS_DIR; };
		DCAB33891D711CA6001E20E6 /* Tech_TipsUITests.swift */ = {isa = PBXFileReference; lastKnownFileType = sourcecode.swift; path = Tech_TipsUITests.swift; sourceTree = "<group>"; };
		DCAB338B1D711CA6001E20E6 /* Info.plist */ = {isa = PBXFileReference; lastKnownFileType = text.plist.xml; path = Info.plist; sourceTree = "<group>"; };
		DCAB33971D71B43C001E20E6 /* Main.storyboard */ = {isa = PBXFileReference; fileEncoding = 4; lastKnownFileType = file.storyboard; path = Main.storyboard; sourceTree = "<group>"; };
		DCAB339C1D71B55A001E20E6 /* GuillotineMenuTransitionAnimation.swift */ = {isa = PBXFileReference; fileEncoding = 4; lastKnownFileType = sourcecode.swift; path = GuillotineMenuTransitionAnimation.swift; sourceTree = "<group>"; };
		DCAB339E1D71B5F6001E20E6 /* MenuViewController.swift */ = {isa = PBXFileReference; fileEncoding = 4; lastKnownFileType = sourcecode.swift; path = MenuViewController.swift; sourceTree = "<group>"; };
		DCAB33B61D723FAD001E20E6 /* Tech Tips-Bridging-Header.h */ = {isa = PBXFileReference; lastKnownFileType = sourcecode.c.h; path = "Tech Tips-Bridging-Header.h"; sourceTree = "<group>"; };
		DCAB33DE1D724598001E20E6 /* RPSlidingMenu.h */ = {isa = PBXFileReference; fileEncoding = 4; lastKnownFileType = sourcecode.c.h; path = RPSlidingMenu.h; sourceTree = "<group>"; };
		DCAB33DF1D7245B7001E20E6 /* RPSlidingMenuCell.h */ = {isa = PBXFileReference; fileEncoding = 4; lastKnownFileType = sourcecode.c.h; path = RPSlidingMenuCell.h; sourceTree = "<group>"; };
		DCAB33E01D7245B7001E20E6 /* RPSlidingMenuCell.m */ = {isa = PBXFileReference; fileEncoding = 4; lastKnownFileType = sourcecode.c.objc; path = RPSlidingMenuCell.m; sourceTree = "<group>"; };
		DCAB33E21D724702001E20E6 /* RPSlidingMenuLayout.h */ = {isa = PBXFileReference; fileEncoding = 4; lastKnownFileType = sourcecode.c.h; path = RPSlidingMenuLayout.h; sourceTree = "<group>"; };
		DCAB33E31D724702001E20E6 /* RPSlidingMenuLayout.m */ = {isa = PBXFileReference; fileEncoding = 4; lastKnownFileType = sourcecode.c.objc; path = RPSlidingMenuLayout.m; sourceTree = "<group>"; };
		DCAB33E51D724843001E20E6 /* RPSlidingMenuViewController.h */ = {isa = PBXFileReference; fileEncoding = 4; lastKnownFileType = sourcecode.c.h; path = RPSlidingMenuViewController.h; sourceTree = "<group>"; };
		DCAB33E61D724843001E20E6 /* RPSlidingMenuViewController.m */ = {isa = PBXFileReference; fileEncoding = 4; lastKnownFileType = sourcecode.c.objc; path = RPSlidingMenuViewController.m; sourceTree = "<group>"; };
		E7F6772B6F2FB5A27974E091 /* Pods-Tech TipsUITests.release.xcconfig */ = {isa = PBXFileReference; includeInIndex = 1; lastKnownFileType = text.xcconfig; name = "Pods-Tech TipsUITests.release.xcconfig"; path = "Pods/Target Support Files/Pods-Tech TipsUITests/Pods-Tech TipsUITests.release.xcconfig"; sourceTree = "<group>"; };
/* End PBXFileReference section */

/* Begin PBXFrameworksBuildPhase section */
		DCAB33631D711CA5001E20E6 /* Frameworks */ = {
			isa = PBXFrameworksBuildPhase;
			buildActionMask = 2147483647;
			files = (
				99C92DFA94A78E37821F86E7 /* Pods_Tech_Tips.framework in Frameworks */,
			);
			runOnlyForDeploymentPostprocessing = 0;
		};
		DCAB33771D711CA6001E20E6 /* Frameworks */ = {
			isa = PBXFrameworksBuildPhase;
			buildActionMask = 2147483647;
			files = (
				8AE806CCE3A189FA3EA185E3 /* Pods_Tech_TipsTests.framework in Frameworks */,
			);
			runOnlyForDeploymentPostprocessing = 0;
		};
		DCAB33821D711CA6001E20E6 /* Frameworks */ = {
			isa = PBXFrameworksBuildPhase;
			buildActionMask = 2147483647;
			files = (
				EF51630D0036083B4A9D7721 /* Pods_Tech_TipsUITests.framework in Frameworks */,
			);
			runOnlyForDeploymentPostprocessing = 0;
		};
/* End PBXFrameworksBuildPhase section */

/* Begin PBXGroup section */
		0D319C2C4830C3E82FB95CCB /* Frameworks */ = {
			isa = PBXGroup;
			children = (
				B682F86CDAA9F04340A00562 /* Pods_Tech_Tips.framework */,
				B990B593D2F52244FF0491B3 /* Pods_Tech_TipsTests.framework */,
				091CC7D7A86ACDF737AC9A08 /* Pods_Tech_TipsUITests.framework */,
			);
			name = Frameworks;
			sourceTree = "<group>";
		};
		B85FC355ECADB5A377BB6032 /* Pods */ = {
			isa = PBXGroup;
			children = (
				B591E2D9E4219CCF24628844 /* Pods-Tech Tips.debug.xcconfig */,
				BC38C421D84286680B0FE9FF /* Pods-Tech Tips.release.xcconfig */,
				455C5EAE3594A2ED12B7DC88 /* Pods-Tech TipsTests.debug.xcconfig */,
				10E5C06832F1ACE082E5BE30 /* Pods-Tech TipsTests.release.xcconfig */,
				BF5220AD54C5EAEFD3D9CBD7 /* Pods-Tech TipsUITests.debug.xcconfig */,
				E7F6772B6F2FB5A27974E091 /* Pods-Tech TipsUITests.release.xcconfig */,
			);
			name = Pods;
			sourceTree = "<group>";
		};
		DCAB335D1D711CA5001E20E6 = {
			isa = PBXGroup;
			children = (
				DCAB33681D711CA6001E20E6 /* Tech Tips */,
				DCAB337D1D711CA6001E20E6 /* Tech TipsTests */,
				DCAB33881D711CA6001E20E6 /* Tech TipsUITests */,
				DCAB33671D711CA5001E20E6 /* Products */,
				B85FC355ECADB5A377BB6032 /* Pods */,
				0D319C2C4830C3E82FB95CCB /* Frameworks */,
			);
			sourceTree = "<group>";
		};
		DCAB33671D711CA5001E20E6 /* Products */ = {
			isa = PBXGroup;
			children = (
				DCAB33661D711CA5001E20E6 /* Tech Tips.app */,
				DCAB337A1D711CA6001E20E6 /* Tech TipsTests.xctest */,
				DCAB33851D711CA6001E20E6 /* Tech TipsUITests.xctest */,
			);
			name = Products;
			sourceTree = "<group>";
		};
		DCAB33681D711CA6001E20E6 /* Tech Tips */ = {
			isa = PBXGroup;
			children = (
				DCAB339A1D71B493001E20E6 /* Storyboard */,
				DCAB33991D71B489001E20E6 /* Views */,
				DCAB33691D711CA6001E20E6 /* AppDelegate.swift */,
				DCAB33B61D723FAD001E20E6 /* Tech Tips-Bridging-Header.h */,
				DCAB33701D711CA6001E20E6 /* Assets.xcassets */,
				DCAB33751D711CA6001E20E6 /* Info.plist */,
			);
			path = "Tech Tips";
			sourceTree = "<group>";
		};
		DCAB337D1D711CA6001E20E6 /* Tech TipsTests */ = {
			isa = PBXGroup;
			children = (
				DCAB337E1D711CA6001E20E6 /* Tech_TipsTests.swift */,
				DCAB33801D711CA6001E20E6 /* Info.plist */,
			);
			path = "Tech TipsTests";
			sourceTree = "<group>";
		};
		DCAB33881D711CA6001E20E6 /* Tech TipsUITests */ = {
			isa = PBXGroup;
			children = (
				DCAB33891D711CA6001E20E6 /* Tech_TipsUITests.swift */,
				DCAB338B1D711CA6001E20E6 /* Info.plist */,
			);
			path = "Tech TipsUITests";
			sourceTree = "<group>";
		};
		DCAB33991D71B489001E20E6 /* Views */ = {
			isa = PBXGroup;
			children = (
				DCAB33DD1D724581001E20E6 /* Sliding Menu */,
				DCAB339B1D71B4AA001E20E6 /* GuillotineMenu */,
				DCAB336B1D711CA6001E20E6 /* ViewController.swift */,
			);
			name = Views;
			sourceTree = "<group>";
		};
		DCAB339A1D71B493001E20E6 /* Storyboard */ = {
			isa = PBXGroup;
			children = (
				DCAB33721D711CA6001E20E6 /* LaunchScreen.storyboard */,
				DCAB33971D71B43C001E20E6 /* Main.storyboard */,
			);
			name = Storyboard;
			sourceTree = "<group>";
		};
		DCAB339B1D71B4AA001E20E6 /* GuillotineMenu */ = {
			isa = PBXGroup;
			children = (
				DCAB339E1D71B5F6001E20E6 /* MenuViewController.swift */,
				DCAB339C1D71B55A001E20E6 /* GuillotineMenuTransitionAnimation.swift */,
			);
			name = GuillotineMenu;
			sourceTree = "<group>";
		};
		DCAB33DD1D724581001E20E6 /* Sliding Menu */ = {
			isa = PBXGroup;
			children = (
				DCAB33DE1D724598001E20E6 /* RPSlidingMenu.h */,
				DCAB33DF1D7245B7001E20E6 /* RPSlidingMenuCell.h */,
				DCAB33E01D7245B7001E20E6 /* RPSlidingMenuCell.m */,
				DCAB33E21D724702001E20E6 /* RPSlidingMenuLayout.h */,
				DCAB33E31D724702001E20E6 /* RPSlidingMenuLayout.m */,
				DCAB33E51D724843001E20E6 /* RPSlidingMenuViewController.h */,
				DCAB33E61D724843001E20E6 /* RPSlidingMenuViewController.m */,
			);
			name = "Sliding Menu";
			sourceTree = "<group>";
		};
/* End PBXGroup section */

/* Begin PBXNativeTarget section */
		DCAB33651D711CA5001E20E6 /* Tech Tips */ = {
			isa = PBXNativeTarget;
			buildConfigurationList = DCAB338E1D711CA6001E20E6 /* Build configuration list for PBXNativeTarget "Tech Tips" */;
			buildPhases = (
				6D27FE311D37FDC84969AF66 /* [CP] Check Pods Manifest.lock */,
				DCAB33621D711CA5001E20E6 /* Sources */,
				DCAB33631D711CA5001E20E6 /* Frameworks */,
				DCAB33641D711CA5001E20E6 /* Resources */,
				8C16EF51158305989DF1AAAA /* [CP] Embed Pods Frameworks */,
				23AB1EE20899A24AA6A71843 /* [CP] Copy Pods Resources */,
			);
			buildRules = (
			);
			dependencies = (
			);
			name = "Tech Tips";
			productName = "Tech Tips";
			productReference = DCAB33661D711CA5001E20E6 /* Tech Tips.app */;
			productType = "com.apple.product-type.application";
		};
		DCAB33791D711CA6001E20E6 /* Tech TipsTests */ = {
			isa = PBXNativeTarget;
			buildConfigurationList = DCAB33911D711CA6001E20E6 /* Build configuration list for PBXNativeTarget "Tech TipsTests" */;
			buildPhases = (
				E74779345D18C0838BD3CC78 /* [CP] Check Pods Manifest.lock */,
				DCAB33761D711CA6001E20E6 /* Sources */,
				DCAB33771D711CA6001E20E6 /* Frameworks */,
				DCAB33781D711CA6001E20E6 /* Resources */,
				3A1CC55BD25DAAE330B7A352 /* [CP] Embed Pods Frameworks */,
				70D94B153904ED953224BBAC /* [CP] Copy Pods Resources */,
			);
			buildRules = (
			);
			dependencies = (
				DCAB337C1D711CA6001E20E6 /* PBXTargetDependency */,
			);
			name = "Tech TipsTests";
			productName = "Tech TipsTests";
			productReference = DCAB337A1D711CA6001E20E6 /* Tech TipsTests.xctest */;
			productType = "com.apple.product-type.bundle.unit-test";
		};
		DCAB33841D711CA6001E20E6 /* Tech TipsUITests */ = {
			isa = PBXNativeTarget;
			buildConfigurationList = DCAB33941D711CA6001E20E6 /* Build configuration list for PBXNativeTarget "Tech TipsUITests" */;
			buildPhases = (
				7C7B78EB86FDAED423ED7BE7 /* [CP] Check Pods Manifest.lock */,
				DCAB33811D711CA6001E20E6 /* Sources */,
				DCAB33821D711CA6001E20E6 /* Frameworks */,
				DCAB33831D711CA6001E20E6 /* Resources */,
				E00E2B781481E2007CC2E0C9 /* [CP] Copy Pods Resources */,
			);
			buildRules = (
			);
			dependencies = (
				DCAB33871D711CA6001E20E6 /* PBXTargetDependency */,
			);
			name = "Tech TipsUITests";
			productName = "Tech TipsUITests";
			productReference = DCAB33851D711CA6001E20E6 /* Tech TipsUITests.xctest */;
			productType = "com.apple.product-type.bundle.ui-testing";
		};
/* End PBXNativeTarget section */

/* Begin PBXProject section */
		DCAB335E1D711CA5001E20E6 /* Project object */ = {
			isa = PBXProject;
			attributes = {
				LastSwiftUpdateCheck = 0730;
				LastUpgradeCheck = 0730;
				ORGANIZATIONNAME = "Daniel Chapman";
				TargetAttributes = {
					DCAB33651D711CA5001E20E6 = {
						CreatedOnToolsVersion = 7.3.1;
					};
					DCAB33791D711CA6001E20E6 = {
						CreatedOnToolsVersion = 7.3.1;
						TestTargetID = DCAB33651D711CA5001E20E6;
					};
					DCAB33841D711CA6001E20E6 = {
						CreatedOnToolsVersion = 7.3.1;
						TestTargetID = DCAB33651D711CA5001E20E6;
					};
				};
			};
			buildConfigurationList = DCAB33611D711CA5001E20E6 /* Build configuration list for PBXProject "Tech Tips" */;
			compatibilityVersion = "Xcode 3.2";
			developmentRegion = English;
			hasScannedForEncodings = 0;
			knownRegions = (
				en,
				Base,
			);
			mainGroup = DCAB335D1D711CA5001E20E6;
			productRefGroup = DCAB33671D711CA5001E20E6 /* Products */;
			projectDirPath = "";
			projectRoot = "";
			targets = (
				DCAB33651D711CA5001E20E6 /* Tech Tips */,
				DCAB33791D711CA6001E20E6 /* Tech TipsTests */,
				DCAB33841D711CA6001E20E6 /* Tech TipsUITests */,
			);
		};
/* End PBXProject section */

/* Begin PBXResourcesBuildPhase section */
		DCAB33641D711CA5001E20E6 /* Resources */ = {
			isa = PBXResourcesBuildPhase;
			buildActionMask = 2147483647;
			files = (
				DCAB33981D71B43C001E20E6 /* Main.storyboard in Resources */,
				DCAB33741D711CA6001E20E6 /* LaunchScreen.storyboard in Resources */,
				DCAB33711D711CA6001E20E6 /* Assets.xcassets in Resources */,
			);
			runOnlyForDeploymentPostprocessing = 0;
		};
		DCAB33781D711CA6001E20E6 /* Resources */ = {
			isa = PBXResourcesBuildPhase;
			buildActionMask = 2147483647;
			files = (
			);
			runOnlyForDeploymentPostprocessing = 0;
		};
		DCAB33831D711CA6001E20E6 /* Resources */ = {
			isa = PBXResourcesBuildPhase;
			buildActionMask = 2147483647;
			files = (
			);
			runOnlyForDeploymentPostprocessing = 0;
		};
/* End PBXResourcesBuildPhase section */

/* Begin PBXShellScriptBuildPhase section */
		23AB1EE20899A24AA6A71843 /* [CP] Copy Pods Resources */ = {
			isa = PBXShellScriptBuildPhase;
			buildActionMask = 2147483647;
			files = (
			);
			inputPaths = (
			);
			name = "[CP] Copy Pods Resources";
			outputPaths = (
			);
			runOnlyForDeploymentPostprocessing = 0;
			shellPath = /bin/sh;
			shellScript = "\"${SRCROOT}/Pods/Target Support Files/Pods-Tech Tips/Pods-Tech Tips-resources.sh\"\n";
			showEnvVarsInLog = 0;
		};
		3A1CC55BD25DAAE330B7A352 /* [CP] Embed Pods Frameworks */ = {
			isa = PBXShellScriptBuildPhase;
			buildActionMask = 2147483647;
			files = (
			);
			inputPaths = (
			);
			name = "[CP] Embed Pods Frameworks";
			outputPaths = (
			);
			runOnlyForDeploymentPostprocessing = 0;
			shellPath = /bin/sh;
			shellScript = "\"${SRCROOT}/Pods/Target Support Files/Pods-Tech TipsTests/Pods-Tech TipsTests-frameworks.sh\"\n";
			showEnvVarsInLog = 0;
		};
		6D27FE311D37FDC84969AF66 /* [CP] Check Pods Manifest.lock */ = {
			isa = PBXShellScriptBuildPhase;
			buildActionMask = 2147483647;
			files = (
			);
			inputPaths = (
			);
			name = "[CP] Check Pods Manifest.lock";
			outputPaths = (
			);
			runOnlyForDeploymentPostprocessing = 0;
			shellPath = /bin/sh;
			shellScript = "diff \"${PODS_ROOT}/../Podfile.lock\" \"${PODS_ROOT}/Manifest.lock\" > /dev/null\nif [[ $? != 0 ]] ; then\n    cat << EOM\nerror: The sandbox is not in sync with the Podfile.lock. Run 'pod install' or update your CocoaPods installation.\nEOM\n    exit 1\nfi\n";
			showEnvVarsInLog = 0;
		};
		70D94B153904ED953224BBAC /* [CP] Copy Pods Resources */ = {
			isa = PBXShellScriptBuildPhase;
			buildActionMask = 2147483647;
			files = (
			);
			inputPaths = (
			);
			name = "[CP] Copy Pods Resources";
			outputPaths = (
			);
			runOnlyForDeploymentPostprocessing = 0;
			shellPath = /bin/sh;
			shellScript = "\"${SRCROOT}/Pods/Target Support Files/Pods-Tech TipsTests/Pods-Tech TipsTests-resources.sh\"\n";
			showEnvVarsInLog = 0;
		};
		7C7B78EB86FDAED423ED7BE7 /* [CP] Check Pods Manifest.lock */ = {
			isa = PBXShellScriptBuildPhase;
			buildActionMask = 2147483647;
			files = (
			);
			inputPaths = (
			);
			name = "[CP] Check Pods Manifest.lock";
			outputPaths = (
			);
			runOnlyForDeploymentPostprocessing = 0;
			shellPath = /bin/sh;
			shellScript = "diff \"${PODS_ROOT}/../Podfile.lock\" \"${PODS_ROOT}/Manifest.lock\" > /dev/null\nif [[ $? != 0 ]] ; then\n    cat << EOM\nerror: The sandbox is not in sync with the Podfile.lock. Run 'pod install' or update your CocoaPods installation.\nEOM\n    exit 1\nfi\n";
			showEnvVarsInLog = 0;
		};
		8C16EF51158305989DF1AAAA /* [CP] Embed Pods Frameworks */ = {
			isa = PBXShellScriptBuildPhase;
			buildActionMask = 2147483647;
			files = (
			);
			inputPaths = (
			);
			name = "[CP] Embed Pods Frameworks";
			outputPaths = (
			);
			runOnlyForDeploymentPostprocessing = 0;
			shellPath = /bin/sh;
			shellScript = "\"${SRCROOT}/Pods/Target Support Files/Pods-Tech Tips/Pods-Tech Tips-frameworks.sh\"\n";
			showEnvVarsInLog = 0;
		};
		E00E2B781481E2007CC2E0C9 /* [CP] Copy Pods Resources */ = {
			isa = PBXShellScriptBuildPhase;
			buildActionMask = 2147483647;
			files = (
			);
			inputPaths = (
			);
			name = "[CP] Copy Pods Resources";
			outputPaths = (
			);
			runOnlyForDeploymentPostprocessing = 0;
			shellPath = /bin/sh;
			shellScript = "\"${SRCROOT}/Pods/Target Support Files/Pods-Tech TipsUITests/Pods-Tech TipsUITests-resources.sh\"\n";
			showEnvVarsInLog = 0;
		};
		E74779345D18C0838BD3CC78 /* [CP] Check Pods Manifest.lock */ = {
			isa = PBXShellScriptBuildPhase;
			buildActionMask = 2147483647;
			files = (
			);
			inputPaths = (
			);
			name = "[CP] Check Pods Manifest.lock";
			outputPaths = (
			);
			runOnlyForDeploymentPostprocessing = 0;
			shellPath = /bin/sh;
			shellScript = "diff \"${PODS_ROOT}/../Podfile.lock\" \"${PODS_ROOT}/Manifest.lock\" > /dev/null\nif [[ $? != 0 ]] ; then\n    cat << EOM\nerror: The sandbox is not in sync with the Podfile.lock. Run 'pod install' or update your CocoaPods installation.\nEOM\n    exit 1\nfi\n";
			showEnvVarsInLog = 0;
		};
/* End PBXShellScriptBuildPhase section */

/* Begin PBXSourcesBuildPhase section */
		DCAB33621D711CA5001E20E6 /* Sources */ = {
			isa = PBXSourcesBuildPhase;
			buildActionMask = 2147483647;
			files = (
				DCAB339D1D71B55A001E20E6 /* GuillotineMenuTransitionAnimation.swift in Sources */,
				DCAB336C1D711CA6001E20E6 /* ViewController.swift in Sources */,
				DCAB336A1D711CA6001E20E6 /* AppDelegate.swift in Sources */,
				DCAB33E71D724843001E20E6 /* RPSlidingMenuViewController.m in Sources */,
				DCAB33E41D724702001E20E6 /* RPSlidingMenuLayout.m in Sources */,
				DCAB33E11D7245B7001E20E6 /* RPSlidingMenuCell.m in Sources */,
				DCAB339F1D71B5F6001E20E6 /* MenuViewController.swift in Sources */,
			);
			runOnlyForDeploymentPostprocessing = 0;
		};
		DCAB33761D711CA6001E20E6 /* Sources */ = {
			isa = PBXSourcesBuildPhase;
			buildActionMask = 2147483647;
			files = (
				DCAB337F1D711CA6001E20E6 /* Tech_TipsTests.swift in Sources */,
			);
			runOnlyForDeploymentPostprocessing = 0;
		};
		DCAB33811D711CA6001E20E6 /* Sources */ = {
			isa = PBXSourcesBuildPhase;
			buildActionMask = 2147483647;
			files = (
				DCAB338A1D711CA6001E20E6 /* Tech_TipsUITests.swift in Sources */,
			);
			runOnlyForDeploymentPostprocessing = 0;
		};
/* End PBXSourcesBuildPhase section */

/* Begin PBXTargetDependency section */
		DCAB337C1D711CA6001E20E6 /* PBXTargetDependency */ = {
			isa = PBXTargetDependency;
			target = DCAB33651D711CA5001E20E6 /* Tech Tips */;
			targetProxy = DCAB337B1D711CA6001E20E6 /* PBXContainerItemProxy */;
		};
		DCAB33871D711CA6001E20E6 /* PBXTargetDependency */ = {
			isa = PBXTargetDependency;
			target = DCAB33651D711CA5001E20E6 /* Tech Tips */;
			targetProxy = DCAB33861D711CA6001E20E6 /* PBXContainerItemProxy */;
		};
/* End PBXTargetDependency section */

/* Begin PBXVariantGroup section */
		DCAB33721D711CA6001E20E6 /* LaunchScreen.storyboard */ = {
			isa = PBXVariantGroup;
			children = (
				DCAB33731D711CA6001E20E6 /* Base */,
			);
			name = LaunchScreen.storyboard;
			sourceTree = "<group>";
		};
/* End PBXVariantGroup section */

/* Begin XCBuildConfiguration section */
		DCAB338C1D711CA6001E20E6 /* Debug */ = {
			isa = XCBuildConfiguration;
			buildSettings = {
				ALWAYS_SEARCH_USER_PATHS = NO;
				CLANG_ANALYZER_NONNULL = YES;
				CLANG_CXX_LANGUAGE_STANDARD = "gnu++0x";
				CLANG_CXX_LIBRARY = "libc++";
				CLANG_ENABLE_MODULES = YES;
				CLANG_ENABLE_OBJC_ARC = YES;
				CLANG_WARN_BOOL_CONVERSION = YES;
				CLANG_WARN_CONSTANT_CONVERSION = YES;
				CLANG_WARN_DIRECT_OBJC_ISA_USAGE = YES_ERROR;
				CLANG_WARN_EMPTY_BODY = YES;
				CLANG_WARN_ENUM_CONVERSION = YES;
				CLANG_WARN_INT_CONVERSION = YES;
				CLANG_WARN_OBJC_ROOT_CLASS = YES_ERROR;
				CLANG_WARN_UNREACHABLE_CODE = YES;
				CLANG_WARN__DUPLICATE_METHOD_MATCH = YES;
				"CODE_SIGN_IDENTITY[sdk=iphoneos*]" = "iPhone Developer";
				COPY_PHASE_STRIP = NO;
				DEBUG_INFORMATION_FORMAT = dwarf;
				ENABLE_STRICT_OBJC_MSGSEND = YES;
				ENABLE_TESTABILITY = YES;
				GCC_C_LANGUAGE_STANDARD = gnu99;
				GCC_DYNAMIC_NO_PIC = NO;
				GCC_NO_COMMON_BLOCKS = YES;
				GCC_OPTIMIZATION_LEVEL = 0;
				GCC_PREPROCESSOR_DEFINITIONS = (
					"DEBUG=1",
					"$(inherited)",
				);
				GCC_WARN_64_TO_32_BIT_CONVERSION = YES;
				GCC_WARN_ABOUT_RETURN_TYPE = YES_ERROR;
				GCC_WARN_UNDECLARED_SELECTOR = YES;
				GCC_WARN_UNINITIALIZED_AUTOS = YES_AGGRESSIVE;
				GCC_WARN_UNUSED_FUNCTION = YES;
				GCC_WARN_UNUSED_VARIABLE = YES;
				IPHONEOS_DEPLOYMENT_TARGET = 9.3;
				MTL_ENABLE_DEBUG_INFO = YES;
				ONLY_ACTIVE_ARCH = YES;
				SDKROOT = iphoneos;
				SWIFT_OPTIMIZATION_LEVEL = "-Onone";
				TARGETED_DEVICE_FAMILY = "1,2";
			};
			name = Debug;
		};
		DCAB338D1D711CA6001E20E6 /* Release */ = {
			isa = XCBuildConfiguration;
			buildSettings = {
				ALWAYS_SEARCH_USER_PATHS = NO;
				CLANG_ANALYZER_NONNULL = YES;
				CLANG_CXX_LANGUAGE_STANDARD = "gnu++0x";
				CLANG_CXX_LIBRARY = "libc++";
				CLANG_ENABLE_MODULES = YES;
				CLANG_ENABLE_OBJC_ARC = YES;
				CLANG_WARN_BOOL_CONVERSION = YES;
				CLANG_WARN_CONSTANT_CONVERSION = YES;
				CLANG_WARN_DIRECT_OBJC_ISA_USAGE = YES_ERROR;
				CLANG_WARN_EMPTY_BODY = YES;
				CLANG_WARN_ENUM_CONVERSION = YES;
				CLANG_WARN_INT_CONVERSION = YES;
				CLANG_WARN_OBJC_ROOT_CLASS = YES_ERROR;
				CLANG_WARN_UNREACHABLE_CODE = YES;
				CLANG_WARN__DUPLICATE_METHOD_MATCH = YES;
				"CODE_SIGN_IDENTITY[sdk=iphoneos*]" = "iPhone Developer";
				COPY_PHASE_STRIP = NO;
				DEBUG_INFORMATION_FORMAT = "dwarf-with-dsym";
				ENABLE_NS_ASSERTIONS = NO;
				ENABLE_STRICT_OBJC_MSGSEND = YES;
				GCC_C_LANGUAGE_STANDARD = gnu99;
				GCC_NO_COMMON_BLOCKS = YES;
				GCC_WARN_64_TO_32_BIT_CONVERSION = YES;
				GCC_WARN_ABOUT_RETURN_TYPE = YES_ERROR;
				GCC_WARN_UNDECLARED_SELECTOR = YES;
				GCC_WARN_UNINITIALIZED_AUTOS = YES_AGGRESSIVE;
				GCC_WARN_UNUSED_FUNCTION = YES;
				GCC_WARN_UNUSED_VARIABLE = YES;
				IPHONEOS_DEPLOYMENT_TARGET = 9.3;
				MTL_ENABLE_DEBUG_INFO = NO;
				SDKROOT = iphoneos;
				TARGETED_DEVICE_FAMILY = "1,2";
				VALIDATE_PRODUCT = YES;
			};
			name = Release;
		};
		DCAB338F1D711CA6001E20E6 /* Debug */ = {
			isa = XCBuildConfiguration;
			baseConfigurationReference = B591E2D9E4219CCF24628844 /* Pods-Tech Tips.debug.xcconfig */;
			buildSettings = {
				ASSETCATALOG_COMPILER_APPICON_NAME = AppIcon;
				CLANG_ENABLE_MODULES = YES;
				INFOPLIST_FILE = "Tech Tips/Info.plist";
				LD_RUNPATH_SEARCH_PATHS = "$(inherited) @executable_path/Frameworks";
				PRODUCT_BUNDLE_IDENTIFIER = "com.techtips.Tech-Tips";
				PRODUCT_NAME = "$(TARGET_NAME)";
				SWIFT_OBJC_BRIDGING_HEADER = "Tech Tips/Tech Tips-Bridging-Header.h";
				SWIFT_OPTIMIZATION_LEVEL = "-Onone";
			};
			name = Debug;
		};
		DCAB33901D711CA6001E20E6 /* Release */ = {
			isa = XCBuildConfiguration;
			baseConfigurationReference = BC38C421D84286680B0FE9FF /* Pods-Tech Tips.release.xcconfig */;
			buildSettings = {
				ASSETCATALOG_COMPILER_APPICON_NAME = AppIcon;
				CLANG_ENABLE_MODULES = YES;
				INFOPLIST_FILE = "Tech Tips/Info.plist";
				LD_RUNPATH_SEARCH_PATHS = "$(inherited) @executable_path/Frameworks";
				PRODUCT_BUNDLE_IDENTIFIER = "com.techtips.Tech-Tips";
				PRODUCT_NAME = "$(TARGET_NAME)";
				SWIFT_OBJC_BRIDGING_HEADER = "Tech Tips/Tech Tips-Bridging-Header.h";
			};
			name = Release;
		};
		DCAB33921D711CA6001E20E6 /* Debug */ = {
			isa = XCBuildConfiguration;
			baseConfigurationReference = 455C5EAE3594A2ED12B7DC88 /* Pods-Tech TipsTests.debug.xcconfig */;
			buildSettings = {
				BUNDLE_LOADER = "$(TEST_HOST)";
				INFOPLIST_FILE = "Tech TipsTests/Info.plist";
				LD_RUNPATH_SEARCH_PATHS = "$(inherited) @executable_path/Frameworks @loader_path/Frameworks";
				PRODUCT_BUNDLE_IDENTIFIER = "com.techtips.Tech-TipsTests";
				PRODUCT_NAME = "$(TARGET_NAME)";
				TEST_HOST = "$(BUILT_PRODUCTS_DIR)/Tech Tips.app/Tech Tips";
			};
			name = Debug;
		};
		DCAB33931D711CA6001E20E6 /* Release */ = {
			isa = XCBuildConfiguration;
			baseConfigurationReference = 10E5C06832F1ACE082E5BE30 /* Pods-Tech TipsTests.release.xcconfig */;
			buildSettings = {
				BUNDLE_LOADER = "$(TEST_HOST)";
				INFOPLIST_FILE = "Tech TipsTests/Info.plist";
				LD_RUNPATH_SEARCH_PATHS = "$(inherited) @executable_path/Frameworks @loader_path/Frameworks";
				PRODUCT_BUNDLE_IDENTIFIER = "com.techtips.Tech-TipsTests";
				PRODUCT_NAME = "$(TARGET_NAME)";
				TEST_HOST = "$(BUILT_PRODUCTS_DIR)/Tech Tips.app/Tech Tips";
			};
			name = Release;
		};
		DCAB33951D711CA6001E20E6 /* Debug */ = {
			isa = XCBuildConfiguration;
			baseConfigurationReference = BF5220AD54C5EAEFD3D9CBD7 /* Pods-Tech TipsUITests.debug.xcconfig */;
			buildSettings = {
				INFOPLIST_FILE = "Tech TipsUITests/Info.plist";
				LD_RUNPATH_SEARCH_PATHS = "$(inherited) @executable_path/Frameworks @loader_path/Frameworks";
				PRODUCT_BUNDLE_IDENTIFIER = "com.techtips.Tech-TipsUITests";
				PRODUCT_NAME = "$(TARGET_NAME)";
				TEST_TARGET_NAME = "Tech Tips";
			};
			name = Debug;
		};
		DCAB33961D711CA6001E20E6 /* Release */ = {
			isa = XCBuildConfiguration;
			baseConfigurationReference = E7F6772B6F2FB5A27974E091 /* Pods-Tech TipsUITests.release.xcconfig */;
			buildSettings = {
				INFOPLIST_FILE = "Tech TipsUITests/Info.plist";
				LD_RUNPATH_SEARCH_PATHS = "$(inherited) @executable_path/Frameworks @loader_path/Frameworks";
				PRODUCT_BUNDLE_IDENTIFIER = "com.techtips.Tech-TipsUITests";
				PRODUCT_NAME = "$(TARGET_NAME)";
				TEST_TARGET_NAME = "Tech Tips";
			};
			name = Release;
		};
/* End XCBuildConfiguration section */

/* Begin XCConfigurationList section */
		DCAB33611D711CA5001E20E6 /* Build configuration list for PBXProject "Tech Tips" */ = {
			isa = XCConfigurationList;
			buildConfigurations = (
				DCAB338C1D711CA6001E20E6 /* Debug */,
				DCAB338D1D711CA6001E20E6 /* Release */,
			);
			defaultConfigurationIsVisible = 0;
			defaultConfigurationName = Release;
		};
		DCAB338E1D711CA6001E20E6 /* Build configuration list for PBXNativeTarget "Tech Tips" */ = {
			isa = XCConfigurationList;
			buildConfigurations = (
				DCAB338F1D711CA6001E20E6 /* Debug */,
				DCAB33901D711CA6001E20E6 /* Release */,
			);
			defaultConfigurationIsVisible = 0;
			defaultConfigurationName = Release;
		};
		DCAB33911D711CA6001E20E6 /* Build configuration list for PBXNativeTarget "Tech TipsTests" */ = {
			isa = XCConfigurationList;
			buildConfigurations = (
				DCAB33921D711CA6001E20E6 /* Debug */,
				DCAB33931D711CA6001E20E6 /* Release */,
			);
			defaultConfigurationIsVisible = 0;
			defaultConfigurationName = Release;
		};
		DCAB33941D711CA6001E20E6 /* Build configuration list for PBXNativeTarget "Tech TipsUITests" */ = {
			isa = XCConfigurationList;
			buildConfigurations = (
				DCAB33951D711CA6001E20E6 /* Debug */,
				DCAB33961D711CA6001E20E6 /* Release */,
			);
			defaultConfigurationIsVisible = 0;
			defaultConfigurationName = Release;
		};
/* End XCConfigurationList section */
	};
	rootObject = DCAB335E1D711CA5001E20E6 /* Project object */;
}
